
Microsoft Visual Studio Solution File, Format Version 12.00
# Visual Studio Version 16
VisualStudioVersion = 16.0.30406.217
MinimumVisualStudioVersion = 10.0.40219.1
Project("{9A19103F-16F7-4668-BE54-9A1E7A4F7556}") = "GhostCore", "GhostCore\GhostCore.csproj", "{E9A0B3CB-CE20-4E27-A778-A66B486B894E}"
EndProject
Project("{9A19103F-16F7-4668-BE54-9A1E7A4F7556}") = "GhostCore.Graphics.Colors", "GhostCore.Graphics.Colors\GhostCore.Graphics.Colors.csproj", "{3B8EF2DB-5789-44BE-B373-450A76C780B9}"
EndProject
Project("{9A19103F-16F7-4668-BE54-9A1E7A4F7556}") = "GhostCore.Win32", "GhostCore.Win32\GhostCore.Win32.csproj", "{A0E1C6DA-AF4B-4BF4-B21B-176BED1924C3}"
EndProject
Project("{9A19103F-16F7-4668-BE54-9A1E7A4F7556}") = "GhostCore.Configuration.INI", "GhostCore.Configuration.Ini\GhostCore.Configuration.INI.csproj", "{46D60D36-9B5E-43E6-B433-1F803F46B57D}"
EndProject
Project("{9A19103F-16F7-4668-BE54-9A1E7A4F7556}") = "GhostCore.MVVM", "GhostCore.MVVM\GhostCore.MVVM.csproj", "{BB7DE607-2429-45DD-AEEE-66B12BC1595A}"
EndProject
Project("{9A19103F-16F7-4668-BE54-9A1E7A4F7556}") = "GhostCore.ComponentModel", "GhostCore.ComponentModel\GhostCore.ComponentModel.csproj", "{B561F020-0C8A-4902-9F92-06067578C07A}"
EndProject
Project("{9A19103F-16F7-4668-BE54-9A1E7A4F7556}") = "GhostCore.Networking", "GhostCore.Networking\GhostCore.Networking.csproj", "{52A0CC77-A721-472B-A33B-E8AD586039B2}"
EndProject
Project("{9A19103F-16F7-4668-BE54-9A1E7A4F7556}") = "GhostCore.Pipelines", "GhostCore.Pipelines\GhostCore.Pipelines.csproj", "{5A82752A-ECC7-452F-9498-681E08714DE5}"
EndProject
Project("{9A19103F-16F7-4668-BE54-9A1E7A4F7556}") = "GhostCore.Bindings", "GhostCore.Bindings\GhostCore.Bindings.csproj", "{931452C8-B8C9-4A76-BBDC-49E0366E4F72}"
EndProject
Project("{9A19103F-16F7-4668-BE54-9A1E7A4F7556}") = "GhostCore.Security", "GhostCore.Security\GhostCore.Security.csproj", "{8F898517-BCC9-4F9E-8DD1-026A883E2ACC}"
EndProject
Project("{9A19103F-16F7-4668-BE54-9A1E7A4F7556}") = "GhostCore.Logging", "GhostCore.Logging\GhostCore.Logging.csproj", "{8A46F0DD-AE6E-458F-A8E9-B271F009F7DC}"
EndProject
Project("{9A19103F-16F7-4668-BE54-9A1E7A4F7556}") = "GhostCore.Math", "GhostCore.Math\GhostCore.Math.csproj", "{5F81A3FB-44FA-4AA8-B087-45B948CADBA2}"
EndProject
Project("{9A19103F-16F7-4668-BE54-9A1E7A4F7556}") = "GhostCore.Threading", "GhostCore.Threading\GhostCore.Threading.csproj", "{FF722473-C7B4-4802-9B08-AFC21A5EACE9}"
EndProject
Project("{9A19103F-16F7-4668-BE54-9A1E7A4F7556}") = "GhostCore.Validation", "GhostCore.Validation\GhostCore.Validation.csproj", "{D76809FA-670A-453C-8052-D73E9073F2AD}"
EndProject
Project("{9A19103F-16F7-4668-BE54-9A1E7A4F7556}") = "GhostCore.UndoRedo", "GhostCore.UndoRedo\GhostCore.UndoRedo.csproj", "{0183C061-83B5-4EF2-8D24-C75B1A7E2CB4}"
EndProject
Project("{9A19103F-16F7-4668-BE54-9A1E7A4F7556}") = "GhostCore.IoC", "GhostCore.IoC\GhostCore.IoC.csproj", "{49EE16E0-F613-4F55-9B57-F804D90F31FF}"
EndProject
Project("{9A19103F-16F7-4668-BE54-9A1E7A4F7556}") = "GhostCore.SafeTaskResult", "GhostCore.SafeTaskResult\GhostCore.SafeTaskResult.csproj", "{10C712EC-142E-4476-8015-892F78FD9927}"
EndProject
Project("{9A19103F-16F7-4668-BE54-9A1E7A4F7556}") = "GhostCore.SDK", "GhostCore.SDK\GhostCore.SDK.csproj", "{6CB44C4C-E6EF-40B9-930F-AF5AF1CEA874}"
EndProject
Project("{2150E333-8FDC-42A3-9474-1A3956D46DE8}") = "Animations", "Animations", "{9A0D9FE8-D066-49E2-B5F0-66AE9601774A}"
EndProject
Project("{2150E333-8FDC-42A3-9474-1A3956D46DE8}") = "Core", "Core", "{B00AADD5-5BD9-4B69-8EEF-84314D1ED32E}"
EndProject
Project("{2150E333-8FDC-42A3-9474-1A3956D46DE8}") = "Features", "Features", "{5B893135-30AB-4F21-9459-B6D8BF5455C0}"
EndProject
Project("{2150E333-8FDC-42A3-9474-1A3956D46DE8}") = "zzApplications", "zzApplications", "{B5FCC883-4449-4C7F-A82F-433ED7ACB9E1}"
EndProject
Project("{2150E333-8FDC-42A3-9474-1A3956D46DE8}") = "Architecture", "Architecture", "{0B476370-7046-48BF-9A19-F7F28DA78919}"
EndProject
Project("{2150E333-8FDC-42A3-9474-1A3956D46DE8}") = "Helpers", "Helpers", "{ECA0E095-4C1B-4012-A223-CE3F1E249B8C}"
EndProject
Global
	GlobalSection(SolutionConfigurationPlatforms) = preSolution
		Debug|Any CPU = Debug|Any CPU
		Debug|ARM = Debug|ARM
		Debug|ARM64 = Debug|ARM64
		Debug|x64 = Debug|x64
		Debug|x86 = Debug|x86
		Release|Any CPU = Release|Any CPU
		Release|ARM = Release|ARM
		Release|ARM64 = Release|ARM64
		Release|x64 = Release|x64
		Release|x86 = Release|x86
	EndGlobalSection
	GlobalSection(ProjectConfigurationPlatforms) = postSolution
		{E9A0B3CB-CE20-4E27-A778-A66B486B894E}.Debug|Any CPU.ActiveCfg = Debug|Any CPU
		{E9A0B3CB-CE20-4E27-A778-A66B486B894E}.Debug|Any CPU.Build.0 = Debug|Any CPU
		{E9A0B3CB-CE20-4E27-A778-A66B486B894E}.Debug|ARM.ActiveCfg = Debug|Any CPU
		{E9A0B3CB-CE20-4E27-A778-A66B486B894E}.Debug|ARM.Build.0 = Debug|Any CPU
		{E9A0B3CB-CE20-4E27-A778-A66B486B894E}.Debug|ARM64.ActiveCfg = Debug|Any CPU
		{E9A0B3CB-CE20-4E27-A778-A66B486B894E}.Debug|ARM64.Build.0 = Debug|Any CPU
		{E9A0B3CB-CE20-4E27-A778-A66B486B894E}.Debug|x64.ActiveCfg = Debug|Any CPU
		{E9A0B3CB-CE20-4E27-A778-A66B486B894E}.Debug|x64.Build.0 = Debug|Any CPU
		{E9A0B3CB-CE20-4E27-A778-A66B486B894E}.Debug|x86.ActiveCfg = Debug|Any CPU
		{E9A0B3CB-CE20-4E27-A778-A66B486B894E}.Debug|x86.Build.0 = Debug|Any CPU
		{E9A0B3CB-CE20-4E27-A778-A66B486B894E}.Release|Any CPU.ActiveCfg = Release|Any CPU
		{E9A0B3CB-CE20-4E27-A778-A66B486B894E}.Release|Any CPU.Build.0 = Release|Any CPU
		{E9A0B3CB-CE20-4E27-A778-A66B486B894E}.Release|ARM.ActiveCfg = Release|Any CPU
		{E9A0B3CB-CE20-4E27-A778-A66B486B894E}.Release|ARM.Build.0 = Release|Any CPU
		{E9A0B3CB-CE20-4E27-A778-A66B486B894E}.Release|ARM64.ActiveCfg = Release|Any CPU
		{E9A0B3CB-CE20-4E27-A778-A66B486B894E}.Release|ARM64.Build.0 = Release|Any CPU
		{E9A0B3CB-CE20-4E27-A778-A66B486B894E}.Release|x64.ActiveCfg = Release|Any CPU
		{E9A0B3CB-CE20-4E27-A778-A66B486B894E}.Release|x64.Build.0 = Release|Any CPU
		{E9A0B3CB-CE20-4E27-A778-A66B486B894E}.Release|x86.ActiveCfg = Release|Any CPU
		{E9A0B3CB-CE20-4E27-A778-A66B486B894E}.Release|x86.Build.0 = Release|Any CPU
		{3B8EF2DB-5789-44BE-B373-450A76C780B9}.Debug|Any CPU.ActiveCfg = Debug|Any CPU
		{3B8EF2DB-5789-44BE-B373-450A76C780B9}.Debug|Any CPU.Build.0 = Debug|Any CPU
		{3B8EF2DB-5789-44BE-B373-450A76C780B9}.Debug|ARM.ActiveCfg = Debug|Any CPU
		{3B8EF2DB-5789-44BE-B373-450A76C780B9}.Debug|ARM.Build.0 = Debug|Any CPU
		{3B8EF2DB-5789-44BE-B373-450A76C780B9}.Debug|ARM64.ActiveCfg = Debug|Any CPU
		{3B8EF2DB-5789-44BE-B373-450A76C780B9}.Debug|ARM64.Build.0 = Debug|Any CPU
		{3B8EF2DB-5789-44BE-B373-450A76C780B9}.Debug|x64.ActiveCfg = Debug|Any CPU
		{3B8EF2DB-5789-44BE-B373-450A76C780B9}.Debug|x64.Build.0 = Debug|Any CPU
		{3B8EF2DB-5789-44BE-B373-450A76C780B9}.Debug|x86.ActiveCfg = Debug|Any CPU
		{3B8EF2DB-5789-44BE-B373-450A76C780B9}.Debug|x86.Build.0 = Debug|Any CPU
		{3B8EF2DB-5789-44BE-B373-450A76C780B9}.Release|Any CPU.ActiveCfg = Release|Any CPU
		{3B8EF2DB-5789-44BE-B373-450A76C780B9}.Release|Any CPU.Build.0 = Release|Any CPU
		{3B8EF2DB-5789-44BE-B373-450A76C780B9}.Release|ARM.ActiveCfg = Release|Any CPU
		{3B8EF2DB-5789-44BE-B373-450A76C780B9}.Release|ARM.Build.0 = Release|Any CPU
		{3B8EF2DB-5789-44BE-B373-450A76C780B9}.Release|ARM64.ActiveCfg = Release|Any CPU
		{3B8EF2DB-5789-44BE-B373-450A76C780B9}.Release|ARM64.Build.0 = Release|Any CPU
		{3B8EF2DB-5789-44BE-B373-450A76C780B9}.Release|x64.ActiveCfg = Release|Any CPU
		{3B8EF2DB-5789-44BE-B373-450A76C780B9}.Release|x64.Build.0 = Release|Any CPU
		{3B8EF2DB-5789-44BE-B373-450A76C780B9}.Release|x86.ActiveCfg = Release|Any CPU
		{3B8EF2DB-5789-44BE-B373-450A76C780B9}.Release|x86.Build.0 = Release|Any CPU
		{A0E1C6DA-AF4B-4BF4-B21B-176BED1924C3}.Debug|Any CPU.ActiveCfg = Debug|Any CPU
		{A0E1C6DA-AF4B-4BF4-B21B-176BED1924C3}.Debug|Any CPU.Build.0 = Debug|Any CPU
		{A0E1C6DA-AF4B-4BF4-B21B-176BED1924C3}.Debug|ARM.ActiveCfg = Debug|Any CPU
		{A0E1C6DA-AF4B-4BF4-B21B-176BED1924C3}.Debug|ARM.Build.0 = Debug|Any CPU
		{A0E1C6DA-AF4B-4BF4-B21B-176BED1924C3}.Debug|ARM64.ActiveCfg = Debug|Any CPU
		{A0E1C6DA-AF4B-4BF4-B21B-176BED1924C3}.Debug|ARM64.Build.0 = Debug|Any CPU
		{A0E1C6DA-AF4B-4BF4-B21B-176BED1924C3}.Debug|x64.ActiveCfg = Debug|Any CPU
		{A0E1C6DA-AF4B-4BF4-B21B-176BED1924C3}.Debug|x64.Build.0 = Debug|Any CPU
		{A0E1C6DA-AF4B-4BF4-B21B-176BED1924C3}.Debug|x86.ActiveCfg = Debug|Any CPU
		{A0E1C6DA-AF4B-4BF4-B21B-176BED1924C3}.Debug|x86.Build.0 = Debug|Any CPU
		{A0E1C6DA-AF4B-4BF4-B21B-176BED1924C3}.Release|Any CPU.ActiveCfg = Release|Any CPU
		{A0E1C6DA-AF4B-4BF4-B21B-176BED1924C3}.Release|Any CPU.Build.0 = Release|Any CPU
		{A0E1C6DA-AF4B-4BF4-B21B-176BED1924C3}.Release|ARM.ActiveCfg = Release|Any CPU
		{A0E1C6DA-AF4B-4BF4-B21B-176BED1924C3}.Release|ARM.Build.0 = Release|Any CPU
		{A0E1C6DA-AF4B-4BF4-B21B-176BED1924C3}.Release|ARM64.ActiveCfg = Release|Any CPU
		{A0E1C6DA-AF4B-4BF4-B21B-176BED1924C3}.Release|ARM64.Build.0 = Release|Any CPU
		{A0E1C6DA-AF4B-4BF4-B21B-176BED1924C3}.Release|x64.ActiveCfg = Release|Any CPU
		{A0E1C6DA-AF4B-4BF4-B21B-176BED1924C3}.Release|x64.Build.0 = Release|Any CPU
		{A0E1C6DA-AF4B-4BF4-B21B-176BED1924C3}.Release|x86.ActiveCfg = Release|Any CPU
		{A0E1C6DA-AF4B-4BF4-B21B-176BED1924C3}.Release|x86.Build.0 = Release|Any CPU
		{46D60D36-9B5E-43E6-B433-1F803F46B57D}.Debug|Any CPU.ActiveCfg = Debug|Any CPU
		{46D60D36-9B5E-43E6-B433-1F803F46B57D}.Debug|Any CPU.Build.0 = Debug|Any CPU
		{46D60D36-9B5E-43E6-B433-1F803F46B57D}.Debug|ARM.ActiveCfg = Debug|Any CPU
		{46D60D36-9B5E-43E6-B433-1F803F46B57D}.Debug|ARM.Build.0 = Debug|Any CPU
		{46D60D36-9B5E-43E6-B433-1F803F46B57D}.Debug|ARM64.ActiveCfg = Debug|Any CPU
		{46D60D36-9B5E-43E6-B433-1F803F46B57D}.Debug|ARM64.Build.0 = Debug|Any CPU
		{46D60D36-9B5E-43E6-B433-1F803F46B57D}.Debug|x64.ActiveCfg = Debug|Any CPU
		{46D60D36-9B5E-43E6-B433-1F803F46B57D}.Debug|x64.Build.0 = Debug|Any CPU
		{46D60D36-9B5E-43E6-B433-1F803F46B57D}.Debug|x86.ActiveCfg = Debug|Any CPU
		{46D60D36-9B5E-43E6-B433-1F803F46B57D}.Debug|x86.Build.0 = Debug|Any CPU
		{46D60D36-9B5E-43E6-B433-1F803F46B57D}.Release|Any CPU.ActiveCfg = Release|Any CPU
		{46D60D36-9B5E-43E6-B433-1F803F46B57D}.Release|Any CPU.Build.0 = Release|Any CPU
		{46D60D36-9B5E-43E6-B433-1F803F46B57D}.Release|ARM.ActiveCfg = Release|Any CPU
		{46D60D36-9B5E-43E6-B433-1F803F46B57D}.Release|ARM.Build.0 = Release|Any CPU
		{46D60D36-9B5E-43E6-B433-1F803F46B57D}.Release|ARM64.ActiveCfg = Release|Any CPU
		{46D60D36-9B5E-43E6-B433-1F803F46B57D}.Release|ARM64.Build.0 = Release|Any CPU
		{46D60D36-9B5E-43E6-B433-1F803F46B57D}.Release|x64.ActiveCfg = Release|Any CPU
		{46D60D36-9B5E-43E6-B433-1F803F46B57D}.Release|x64.Build.0 = Release|Any CPU
		{46D60D36-9B5E-43E6-B433-1F803F46B57D}.Release|x86.ActiveCfg = Release|Any CPU
		{46D60D36-9B5E-43E6-B433-1F803F46B57D}.Release|x86.Build.0 = Release|Any CPU
		{BB7DE607-2429-45DD-AEEE-66B12BC1595A}.Debug|Any CPU.ActiveCfg = Debug|Any CPU
		{BB7DE607-2429-45DD-AEEE-66B12BC1595A}.Debug|Any CPU.Build.0 = Debug|Any CPU
		{BB7DE607-2429-45DD-AEEE-66B12BC1595A}.Debug|ARM.ActiveCfg = Debug|Any CPU
		{BB7DE607-2429-45DD-AEEE-66B12BC1595A}.Debug|ARM.Build.0 = Debug|Any CPU
		{BB7DE607-2429-45DD-AEEE-66B12BC1595A}.Debug|ARM64.ActiveCfg = Debug|Any CPU
		{BB7DE607-2429-45DD-AEEE-66B12BC1595A}.Debug|ARM64.Build.0 = Debug|Any CPU
		{BB7DE607-2429-45DD-AEEE-66B12BC1595A}.Debug|x64.ActiveCfg = Debug|Any CPU
		{BB7DE607-2429-45DD-AEEE-66B12BC1595A}.Debug|x64.Build.0 = Debug|Any CPU
		{BB7DE607-2429-45DD-AEEE-66B12BC1595A}.Debug|x86.ActiveCfg = Debug|Any CPU
		{BB7DE607-2429-45DD-AEEE-66B12BC1595A}.Debug|x86.Build.0 = Debug|Any CPU
		{BB7DE607-2429-45DD-AEEE-66B12BC1595A}.Release|Any CPU.ActiveCfg = Release|Any CPU
		{BB7DE607-2429-45DD-AEEE-66B12BC1595A}.Release|Any CPU.Build.0 = Release|Any CPU
		{BB7DE607-2429-45DD-AEEE-66B12BC1595A}.Release|ARM.ActiveCfg = Release|Any CPU
		{BB7DE607-2429-45DD-AEEE-66B12BC1595A}.Release|ARM.Build.0 = Release|Any CPU
		{BB7DE607-2429-45DD-AEEE-66B12BC1595A}.Release|ARM64.ActiveCfg = Release|Any CPU
		{BB7DE607-2429-45DD-AEEE-66B12BC1595A}.Release|ARM64.Build.0 = Release|Any CPU
		{BB7DE607-2429-45DD-AEEE-66B12BC1595A}.Release|x64.ActiveCfg = Release|Any CPU
		{BB7DE607-2429-45DD-AEEE-66B12BC1595A}.Release|x64.Build.0 = Release|Any CPU
		{BB7DE607-2429-45DD-AEEE-66B12BC1595A}.Release|x86.ActiveCfg = Release|Any CPU
		{BB7DE607-2429-45DD-AEEE-66B12BC1595A}.Release|x86.Build.0 = Release|Any CPU
		{B561F020-0C8A-4902-9F92-06067578C07A}.Debug|Any CPU.ActiveCfg = Debug|Any CPU
		{B561F020-0C8A-4902-9F92-06067578C07A}.Debug|Any CPU.Build.0 = Debug|Any CPU
		{B561F020-0C8A-4902-9F92-06067578C07A}.Debug|ARM.ActiveCfg = Debug|Any CPU
		{B561F020-0C8A-4902-9F92-06067578C07A}.Debug|ARM.Build.0 = Debug|Any CPU
		{B561F020-0C8A-4902-9F92-06067578C07A}.Debug|ARM64.ActiveCfg = Debug|Any CPU
		{B561F020-0C8A-4902-9F92-06067578C07A}.Debug|ARM64.Build.0 = Debug|Any CPU
		{B561F020-0C8A-4902-9F92-06067578C07A}.Debug|x64.ActiveCfg = Debug|Any CPU
		{B561F020-0C8A-4902-9F92-06067578C07A}.Debug|x64.Build.0 = Debug|Any CPU
		{B561F020-0C8A-4902-9F92-06067578C07A}.Debug|x86.ActiveCfg = Debug|Any CPU
		{B561F020-0C8A-4902-9F92-06067578C07A}.Debug|x86.Build.0 = Debug|Any CPU
		{B561F020-0C8A-4902-9F92-06067578C07A}.Release|Any CPU.ActiveCfg = Release|Any CPU
		{B561F020-0C8A-4902-9F92-06067578C07A}.Release|Any CPU.Build.0 = Release|Any CPU
		{B561F020-0C8A-4902-9F92-06067578C07A}.Release|ARM.ActiveCfg = Release|Any CPU
		{B561F020-0C8A-4902-9F92-06067578C07A}.Release|ARM.Build.0 = Release|Any CPU
		{B561F020-0C8A-4902-9F92-06067578C07A}.Release|ARM64.ActiveCfg = Release|Any CPU
		{B561F020-0C8A-4902-9F92-06067578C07A}.Release|ARM64.Build.0 = Release|Any CPU
		{B561F020-0C8A-4902-9F92-06067578C07A}.Release|x64.ActiveCfg = Release|Any CPU
		{B561F020-0C8A-4902-9F92-06067578C07A}.Release|x64.Build.0 = Release|Any CPU
		{B561F020-0C8A-4902-9F92-06067578C07A}.Release|x86.ActiveCfg = Release|Any CPU
		{B561F020-0C8A-4902-9F92-06067578C07A}.Release|x86.Build.0 = Release|Any CPU
		{52A0CC77-A721-472B-A33B-E8AD586039B2}.Debug|Any CPU.ActiveCfg = Debug|Any CPU
		{52A0CC77-A721-472B-A33B-E8AD586039B2}.Debug|Any CPU.Build.0 = Debug|Any CPU
		{52A0CC77-A721-472B-A33B-E8AD586039B2}.Debug|ARM.ActiveCfg = Debug|Any CPU
		{52A0CC77-A721-472B-A33B-E8AD586039B2}.Debug|ARM.Build.0 = Debug|Any CPU
		{52A0CC77-A721-472B-A33B-E8AD586039B2}.Debug|ARM64.ActiveCfg = Debug|Any CPU
		{52A0CC77-A721-472B-A33B-E8AD586039B2}.Debug|ARM64.Build.0 = Debug|Any CPU
		{52A0CC77-A721-472B-A33B-E8AD586039B2}.Debug|x64.ActiveCfg = Debug|Any CPU
		{52A0CC77-A721-472B-A33B-E8AD586039B2}.Debug|x64.Build.0 = Debug|Any CPU
		{52A0CC77-A721-472B-A33B-E8AD586039B2}.Debug|x86.ActiveCfg = Debug|Any CPU
		{52A0CC77-A721-472B-A33B-E8AD586039B2}.Debug|x86.Build.0 = Debug|Any CPU
		{52A0CC77-A721-472B-A33B-E8AD586039B2}.Release|Any CPU.ActiveCfg = Release|Any CPU
		{52A0CC77-A721-472B-A33B-E8AD586039B2}.Release|Any CPU.Build.0 = Release|Any CPU
		{52A0CC77-A721-472B-A33B-E8AD586039B2}.Release|ARM.ActiveCfg = Release|Any CPU
		{52A0CC77-A721-472B-A33B-E8AD586039B2}.Release|ARM.Build.0 = Release|Any CPU
		{52A0CC77-A721-472B-A33B-E8AD586039B2}.Release|ARM64.ActiveCfg = Release|Any CPU
		{52A0CC77-A721-472B-A33B-E8AD586039B2}.Release|ARM64.Build.0 = Release|Any CPU
		{52A0CC77-A721-472B-A33B-E8AD586039B2}.Release|x64.ActiveCfg = Release|Any CPU
		{52A0CC77-A721-472B-A33B-E8AD586039B2}.Release|x64.Build.0 = Release|Any CPU
		{52A0CC77-A721-472B-A33B-E8AD586039B2}.Release|x86.ActiveCfg = Release|Any CPU
		{52A0CC77-A721-472B-A33B-E8AD586039B2}.Release|x86.Build.0 = Release|Any CPU
		{5A82752A-ECC7-452F-9498-681E08714DE5}.Debug|Any CPU.ActiveCfg = Debug|Any CPU
		{5A82752A-ECC7-452F-9498-681E08714DE5}.Debug|Any CPU.Build.0 = Debug|Any CPU
		{5A82752A-ECC7-452F-9498-681E08714DE5}.Debug|ARM.ActiveCfg = Debug|Any CPU
		{5A82752A-ECC7-452F-9498-681E08714DE5}.Debug|ARM.Build.0 = Debug|Any CPU
		{5A82752A-ECC7-452F-9498-681E08714DE5}.Debug|ARM64.ActiveCfg = Debug|Any CPU
		{5A82752A-ECC7-452F-9498-681E08714DE5}.Debug|ARM64.Build.0 = Debug|Any CPU
		{5A82752A-ECC7-452F-9498-681E08714DE5}.Debug|x64.ActiveCfg = Debug|Any CPU
		{5A82752A-ECC7-452F-9498-681E08714DE5}.Debug|x64.Build.0 = Debug|Any CPU
		{5A82752A-ECC7-452F-9498-681E08714DE5}.Debug|x86.ActiveCfg = Debug|Any CPU
		{5A82752A-ECC7-452F-9498-681E08714DE5}.Debug|x86.Build.0 = Debug|Any CPU
		{5A82752A-ECC7-452F-9498-681E08714DE5}.Release|Any CPU.ActiveCfg = Release|Any CPU
		{5A82752A-ECC7-452F-9498-681E08714DE5}.Release|Any CPU.Build.0 = Release|Any CPU
		{5A82752A-ECC7-452F-9498-681E08714DE5}.Release|ARM.ActiveCfg = Release|Any CPU
		{5A82752A-ECC7-452F-9498-681E08714DE5}.Release|ARM.Build.0 = Release|Any CPU
		{5A82752A-ECC7-452F-9498-681E08714DE5}.Release|ARM64.ActiveCfg = Release|Any CPU
		{5A82752A-ECC7-452F-9498-681E08714DE5}.Release|ARM64.Build.0 = Release|Any CPU
		{5A82752A-ECC7-452F-9498-681E08714DE5}.Release|x64.ActiveCfg = Release|Any CPU
		{5A82752A-ECC7-452F-9498-681E08714DE5}.Release|x64.Build.0 = Release|Any CPU
		{5A82752A-ECC7-452F-9498-681E08714DE5}.Release|x86.ActiveCfg = Release|Any CPU
		{5A82752A-ECC7-452F-9498-681E08714DE5}.Release|x86.Build.0 = Release|Any CPU
		{931452C8-B8C9-4A76-BBDC-49E0366E4F72}.Debug|Any CPU.ActiveCfg = Debug|Any CPU
		{931452C8-B8C9-4A76-BBDC-49E0366E4F72}.Debug|Any CPU.Build.0 = Debug|Any CPU
		{931452C8-B8C9-4A76-BBDC-49E0366E4F72}.Debug|ARM.ActiveCfg = Debug|Any CPU
		{931452C8-B8C9-4A76-BBDC-49E0366E4F72}.Debug|ARM.Build.0 = Debug|Any CPU
		{931452C8-B8C9-4A76-BBDC-49E0366E4F72}.Debug|ARM64.ActiveCfg = Debug|Any CPU
		{931452C8-B8C9-4A76-BBDC-49E0366E4F72}.Debug|ARM64.Build.0 = Debug|Any CPU
		{931452C8-B8C9-4A76-BBDC-49E0366E4F72}.Debug|x64.ActiveCfg = Debug|Any CPU
		{931452C8-B8C9-4A76-BBDC-49E0366E4F72}.Debug|x64.Build.0 = Debug|Any CPU
		{931452C8-B8C9-4A76-BBDC-49E0366E4F72}.Debug|x86.ActiveCfg = Debug|Any CPU
		{931452C8-B8C9-4A76-BBDC-49E0366E4F72}.Debug|x86.Build.0 = Debug|Any CPU
		{931452C8-B8C9-4A76-BBDC-49E0366E4F72}.Release|Any CPU.ActiveCfg = Release|Any CPU
		{931452C8-B8C9-4A76-BBDC-49E0366E4F72}.Release|Any CPU.Build.0 = Release|Any CPU
		{931452C8-B8C9-4A76-BBDC-49E0366E4F72}.Release|ARM.ActiveCfg = Release|Any CPU
		{931452C8-B8C9-4A76-BBDC-49E0366E4F72}.Release|ARM.Build.0 = Release|Any CPU
		{931452C8-B8C9-4A76-BBDC-49E0366E4F72}.Release|ARM64.ActiveCfg = Release|Any CPU
		{931452C8-B8C9-4A76-BBDC-49E0366E4F72}.Release|ARM64.Build.0 = Release|Any CPU
		{931452C8-B8C9-4A76-BBDC-49E0366E4F72}.Release|x64.ActiveCfg = Release|Any CPU
		{931452C8-B8C9-4A76-BBDC-49E0366E4F72}.Release|x64.Build.0 = Release|Any CPU
		{931452C8-B8C9-4A76-BBDC-49E0366E4F72}.Release|x86.ActiveCfg = Release|Any CPU
		{931452C8-B8C9-4A76-BBDC-49E0366E4F72}.Release|x86.Build.0 = Release|Any CPU
		{8F898517-BCC9-4F9E-8DD1-026A883E2ACC}.Debug|Any CPU.ActiveCfg = Debug|Any CPU
		{8F898517-BCC9-4F9E-8DD1-026A883E2ACC}.Debug|Any CPU.Build.0 = Debug|Any CPU
		{8F898517-BCC9-4F9E-8DD1-026A883E2ACC}.Debug|ARM.ActiveCfg = Debug|Any CPU
		{8F898517-BCC9-4F9E-8DD1-026A883E2ACC}.Debug|ARM.Build.0 = Debug|Any CPU
		{8F898517-BCC9-4F9E-8DD1-026A883E2ACC}.Debug|ARM64.ActiveCfg = Debug|Any CPU
		{8F898517-BCC9-4F9E-8DD1-026A883E2ACC}.Debug|ARM64.Build.0 = Debug|Any CPU
		{8F898517-BCC9-4F9E-8DD1-026A883E2ACC}.Debug|x64.ActiveCfg = Debug|Any CPU
		{8F898517-BCC9-4F9E-8DD1-026A883E2ACC}.Debug|x64.Build.0 = Debug|Any CPU
		{8F898517-BCC9-4F9E-8DD1-026A883E2ACC}.Debug|x86.ActiveCfg = Debug|Any CPU
		{8F898517-BCC9-4F9E-8DD1-026A883E2ACC}.Debug|x86.Build.0 = Debug|Any CPU
		{8F898517-BCC9-4F9E-8DD1-026A883E2ACC}.Release|Any CPU.ActiveCfg = Release|Any CPU
		{8F898517-BCC9-4F9E-8DD1-026A883E2ACC}.Release|Any CPU.Build.0 = Release|Any CPU
		{8F898517-BCC9-4F9E-8DD1-026A883E2ACC}.Release|ARM.ActiveCfg = Release|Any CPU
		{8F898517-BCC9-4F9E-8DD1-026A883E2ACC}.Release|ARM.Build.0 = Release|Any CPU
		{8F898517-BCC9-4F9E-8DD1-026A883E2ACC}.Release|ARM64.ActiveCfg = Release|Any CPU
		{8F898517-BCC9-4F9E-8DD1-026A883E2ACC}.Release|ARM64.Build.0 = Release|Any CPU
		{8F898517-BCC9-4F9E-8DD1-026A883E2ACC}.Release|x64.ActiveCfg = Release|Any CPU
		{8F898517-BCC9-4F9E-8DD1-026A883E2ACC}.Release|x64.Build.0 = Release|Any CPU
		{8F898517-BCC9-4F9E-8DD1-026A883E2ACC}.Release|x86.ActiveCfg = Release|Any CPU
		{8F898517-BCC9-4F9E-8DD1-026A883E2ACC}.Release|x86.Build.0 = Release|Any CPU
		{8A46F0DD-AE6E-458F-A8E9-B271F009F7DC}.Debug|Any CPU.ActiveCfg = Debug|Any CPU
		{8A46F0DD-AE6E-458F-A8E9-B271F009F7DC}.Debug|Any CPU.Build.0 = Debug|Any CPU
		{8A46F0DD-AE6E-458F-A8E9-B271F009F7DC}.Debug|ARM.ActiveCfg = Debug|Any CPU
		{8A46F0DD-AE6E-458F-A8E9-B271F009F7DC}.Debug|ARM.Build.0 = Debug|Any CPU
		{8A46F0DD-AE6E-458F-A8E9-B271F009F7DC}.Debug|ARM64.ActiveCfg = Debug|Any CPU
		{8A46F0DD-AE6E-458F-A8E9-B271F009F7DC}.Debug|ARM64.Build.0 = Debug|Any CPU
		{8A46F0DD-AE6E-458F-A8E9-B271F009F7DC}.Debug|x64.ActiveCfg = Debug|Any CPU
		{8A46F0DD-AE6E-458F-A8E9-B271F009F7DC}.Debug|x64.Build.0 = Debug|Any CPU
		{8A46F0DD-AE6E-458F-A8E9-B271F009F7DC}.Debug|x86.ActiveCfg = Debug|Any CPU
		{8A46F0DD-AE6E-458F-A8E9-B271F009F7DC}.Debug|x86.Build.0 = Debug|Any CPU
		{8A46F0DD-AE6E-458F-A8E9-B271F009F7DC}.Release|Any CPU.ActiveCfg = Release|Any CPU
		{8A46F0DD-AE6E-458F-A8E9-B271F009F7DC}.Release|Any CPU.Build.0 = Release|Any CPU
		{8A46F0DD-AE6E-458F-A8E9-B271F009F7DC}.Release|ARM.ActiveCfg = Release|Any CPU
		{8A46F0DD-AE6E-458F-A8E9-B271F009F7DC}.Release|ARM.Build.0 = Release|Any CPU
		{8A46F0DD-AE6E-458F-A8E9-B271F009F7DC}.Release|ARM64.ActiveCfg = Release|Any CPU
		{8A46F0DD-AE6E-458F-A8E9-B271F009F7DC}.Release|ARM64.Build.0 = Release|Any CPU
		{8A46F0DD-AE6E-458F-A8E9-B271F009F7DC}.Release|x64.ActiveCfg = Release|Any CPU
		{8A46F0DD-AE6E-458F-A8E9-B271F009F7DC}.Release|x64.Build.0 = Release|Any CPU
		{8A46F0DD-AE6E-458F-A8E9-B271F009F7DC}.Release|x86.ActiveCfg = Release|Any CPU
		{8A46F0DD-AE6E-458F-A8E9-B271F009F7DC}.Release|x86.Build.0 = Release|Any CPU
		{5F81A3FB-44FA-4AA8-B087-45B948CADBA2}.Debug|Any CPU.ActiveCfg = Debug|Any CPU
		{5F81A3FB-44FA-4AA8-B087-45B948CADBA2}.Debug|Any CPU.Build.0 = Debug|Any CPU
		{5F81A3FB-44FA-4AA8-B087-45B948CADBA2}.Debug|ARM.ActiveCfg = Debug|Any CPU
		{5F81A3FB-44FA-4AA8-B087-45B948CADBA2}.Debug|ARM.Build.0 = Debug|Any CPU
		{5F81A3FB-44FA-4AA8-B087-45B948CADBA2}.Debug|ARM64.ActiveCfg = Debug|Any CPU
		{5F81A3FB-44FA-4AA8-B087-45B948CADBA2}.Debug|ARM64.Build.0 = Debug|Any CPU
		{5F81A3FB-44FA-4AA8-B087-45B948CADBA2}.Debug|x64.ActiveCfg = Debug|Any CPU
		{5F81A3FB-44FA-4AA8-B087-45B948CADBA2}.Debug|x64.Build.0 = Debug|Any CPU
		{5F81A3FB-44FA-4AA8-B087-45B948CADBA2}.Debug|x86.ActiveCfg = Debug|Any CPU
		{5F81A3FB-44FA-4AA8-B087-45B948CADBA2}.Debug|x86.Build.0 = Debug|Any CPU
		{5F81A3FB-44FA-4AA8-B087-45B948CADBA2}.Release|Any CPU.ActiveCfg = Release|Any CPU
		{5F81A3FB-44FA-4AA8-B087-45B948CADBA2}.Release|Any CPU.Build.0 = Release|Any CPU
		{5F81A3FB-44FA-4AA8-B087-45B948CADBA2}.Release|ARM.ActiveCfg = Release|Any CPU
		{5F81A3FB-44FA-4AA8-B087-45B948CADBA2}.Release|ARM.Build.0 = Release|Any CPU
		{5F81A3FB-44FA-4AA8-B087-45B948CADBA2}.Release|ARM64.ActiveCfg = Release|Any CPU
		{5F81A3FB-44FA-4AA8-B087-45B948CADBA2}.Release|ARM64.Build.0 = Release|Any CPU
		{5F81A3FB-44FA-4AA8-B087-45B948CADBA2}.Release|x64.ActiveCfg = Release|Any CPU
		{5F81A3FB-44FA-4AA8-B087-45B948CADBA2}.Release|x64.Build.0 = Release|Any CPU
		{5F81A3FB-44FA-4AA8-B087-45B948CADBA2}.Release|x86.ActiveCfg = Release|Any CPU
		{5F81A3FB-44FA-4AA8-B087-45B948CADBA2}.Release|x86.Build.0 = Release|Any CPU
		{FF722473-C7B4-4802-9B08-AFC21A5EACE9}.Debug|Any CPU.ActiveCfg = Debug|Any CPU
		{FF722473-C7B4-4802-9B08-AFC21A5EACE9}.Debug|Any CPU.Build.0 = Debug|Any CPU
		{FF722473-C7B4-4802-9B08-AFC21A5EACE9}.Debug|ARM.ActiveCfg = Debug|Any CPU
		{FF722473-C7B4-4802-9B08-AFC21A5EACE9}.Debug|ARM.Build.0 = Debug|Any CPU
		{FF722473-C7B4-4802-9B08-AFC21A5EACE9}.Debug|ARM64.ActiveCfg = Debug|Any CPU
		{FF722473-C7B4-4802-9B08-AFC21A5EACE9}.Debug|ARM64.Build.0 = Debug|Any CPU
		{FF722473-C7B4-4802-9B08-AFC21A5EACE9}.Debug|x64.ActiveCfg = Debug|Any CPU
		{FF722473-C7B4-4802-9B08-AFC21A5EACE9}.Debug|x64.Build.0 = Debug|Any CPU
		{FF722473-C7B4-4802-9B08-AFC21A5EACE9}.Debug|x86.ActiveCfg = Debug|Any CPU
		{FF722473-C7B4-4802-9B08-AFC21A5EACE9}.Debug|x86.Build.0 = Debug|Any CPU
		{FF722473-C7B4-4802-9B08-AFC21A5EACE9}.Release|Any CPU.ActiveCfg = Release|Any CPU
		{FF722473-C7B4-4802-9B08-AFC21A5EACE9}.Release|Any CPU.Build.0 = Release|Any CPU
		{FF722473-C7B4-4802-9B08-AFC21A5EACE9}.Release|ARM.ActiveCfg = Release|Any CPU
		{FF722473-C7B4-4802-9B08-AFC21A5EACE9}.Release|ARM.Build.0 = Release|Any CPU
		{FF722473-C7B4-4802-9B08-AFC21A5EACE9}.Release|ARM64.ActiveCfg = Release|Any CPU
		{FF722473-C7B4-4802-9B08-AFC21A5EACE9}.Release|ARM64.Build.0 = Release|Any CPU
		{FF722473-C7B4-4802-9B08-AFC21A5EACE9}.Release|x64.ActiveCfg = Release|Any CPU
		{FF722473-C7B4-4802-9B08-AFC21A5EACE9}.Release|x64.Build.0 = Release|Any CPU
		{FF722473-C7B4-4802-9B08-AFC21A5EACE9}.Release|x86.ActiveCfg = Release|Any CPU
		{FF722473-C7B4-4802-9B08-AFC21A5EACE9}.Release|x86.Build.0 = Release|Any CPU
		{D76809FA-670A-453C-8052-D73E9073F2AD}.Debug|Any CPU.ActiveCfg = Debug|Any CPU
		{D76809FA-670A-453C-8052-D73E9073F2AD}.Debug|Any CPU.Build.0 = Debug|Any CPU
		{D76809FA-670A-453C-8052-D73E9073F2AD}.Debug|ARM.ActiveCfg = Debug|Any CPU
		{D76809FA-670A-453C-8052-D73E9073F2AD}.Debug|ARM.Build.0 = Debug|Any CPU
		{D76809FA-670A-453C-8052-D73E9073F2AD}.Debug|ARM64.ActiveCfg = Debug|Any CPU
		{D76809FA-670A-453C-8052-D73E9073F2AD}.Debug|ARM64.Build.0 = Debug|Any CPU
		{D76809FA-670A-453C-8052-D73E9073F2AD}.Debug|x64.ActiveCfg = Debug|Any CPU
		{D76809FA-670A-453C-8052-D73E9073F2AD}.Debug|x64.Build.0 = Debug|Any CPU
		{D76809FA-670A-453C-8052-D73E9073F2AD}.Debug|x86.ActiveCfg = Debug|Any CPU
		{D76809FA-670A-453C-8052-D73E9073F2AD}.Debug|x86.Build.0 = Debug|Any CPU
		{D76809FA-670A-453C-8052-D73E9073F2AD}.Release|Any CPU.ActiveCfg = Release|Any CPU
		{D76809FA-670A-453C-8052-D73E9073F2AD}.Release|Any CPU.Build.0 = Release|Any CPU
		{D76809FA-670A-453C-8052-D73E9073F2AD}.Release|ARM.ActiveCfg = Release|Any CPU
		{D76809FA-670A-453C-8052-D73E9073F2AD}.Release|ARM.Build.0 = Release|Any CPU
		{D76809FA-670A-453C-8052-D73E9073F2AD}.Release|ARM64.ActiveCfg = Release|Any CPU
		{D76809FA-670A-453C-8052-D73E9073F2AD}.Release|ARM64.Build.0 = Release|Any CPU
		{D76809FA-670A-453C-8052-D73E9073F2AD}.Release|x64.ActiveCfg = Release|Any CPU
		{D76809FA-670A-453C-8052-D73E9073F2AD}.Release|x64.Build.0 = Release|Any CPU
		{D76809FA-670A-453C-8052-D73E9073F2AD}.Release|x86.ActiveCfg = Release|Any CPU
		{D76809FA-670A-453C-8052-D73E9073F2AD}.Release|x86.Build.0 = Release|Any CPU
		{0183C061-83B5-4EF2-8D24-C75B1A7E2CB4}.Debug|Any CPU.ActiveCfg = Debug|Any CPU
		{0183C061-83B5-4EF2-8D24-C75B1A7E2CB4}.Debug|Any CPU.Build.0 = Debug|Any CPU
		{0183C061-83B5-4EF2-8D24-C75B1A7E2CB4}.Debug|ARM.ActiveCfg = Debug|Any CPU
		{0183C061-83B5-4EF2-8D24-C75B1A7E2CB4}.Debug|ARM.Build.0 = Debug|Any CPU
		{0183C061-83B5-4EF2-8D24-C75B1A7E2CB4}.Debug|ARM64.ActiveCfg = Debug|Any CPU
		{0183C061-83B5-4EF2-8D24-C75B1A7E2CB4}.Debug|ARM64.Build.0 = Debug|Any CPU
		{0183C061-83B5-4EF2-8D24-C75B1A7E2CB4}.Debug|x64.ActiveCfg = Debug|Any CPU
		{0183C061-83B5-4EF2-8D24-C75B1A7E2CB4}.Debug|x64.Build.0 = Debug|Any CPU
		{0183C061-83B5-4EF2-8D24-C75B1A7E2CB4}.Debug|x86.ActiveCfg = Debug|Any CPU
		{0183C061-83B5-4EF2-8D24-C75B1A7E2CB4}.Debug|x86.Build.0 = Debug|Any CPU
		{0183C061-83B5-4EF2-8D24-C75B1A7E2CB4}.Release|Any CPU.ActiveCfg = Release|Any CPU
		{0183C061-83B5-4EF2-8D24-C75B1A7E2CB4}.Release|Any CPU.Build.0 = Release|Any CPU
		{0183C061-83B5-4EF2-8D24-C75B1A7E2CB4}.Release|ARM.ActiveCfg = Release|Any CPU
		{0183C061-83B5-4EF2-8D24-C75B1A7E2CB4}.Release|ARM.Build.0 = Release|Any CPU
		{0183C061-83B5-4EF2-8D24-C75B1A7E2CB4}.Release|ARM64.ActiveCfg = Release|Any CPU
		{0183C061-83B5-4EF2-8D24-C75B1A7E2CB4}.Release|ARM64.Build.0 = Release|Any CPU
		{0183C061-83B5-4EF2-8D24-C75B1A7E2CB4}.Release|x64.ActiveCfg = Release|Any CPU
		{0183C061-83B5-4EF2-8D24-C75B1A7E2CB4}.Release|x64.Build.0 = Release|Any CPU
		{0183C061-83B5-4EF2-8D24-C75B1A7E2CB4}.Release|x86.ActiveCfg = Release|Any CPU
		{0183C061-83B5-4EF2-8D24-C75B1A7E2CB4}.Release|x86.Build.0 = Release|Any CPU
		{49EE16E0-F613-4F55-9B57-F804D90F31FF}.Debug|Any CPU.ActiveCfg = Debug|Any CPU
		{49EE16E0-F613-4F55-9B57-F804D90F31FF}.Debug|Any CPU.Build.0 = Debug|Any CPU
		{49EE16E0-F613-4F55-9B57-F804D90F31FF}.Debug|ARM.ActiveCfg = Debug|Any CPU
		{49EE16E0-F613-4F55-9B57-F804D90F31FF}.Debug|ARM.Build.0 = Debug|Any CPU
		{49EE16E0-F613-4F55-9B57-F804D90F31FF}.Debug|ARM64.ActiveCfg = Debug|Any CPU
		{49EE16E0-F613-4F55-9B57-F804D90F31FF}.Debug|ARM64.Build.0 = Debug|Any CPU
		{49EE16E0-F613-4F55-9B57-F804D90F31FF}.Debug|x64.ActiveCfg = Debug|Any CPU
		{49EE16E0-F613-4F55-9B57-F804D90F31FF}.Debug|x64.Build.0 = Debug|Any CPU
		{49EE16E0-F613-4F55-9B57-F804D90F31FF}.Debug|x86.ActiveCfg = Debug|Any CPU
		{49EE16E0-F613-4F55-9B57-F804D90F31FF}.Debug|x86.Build.0 = Debug|Any CPU
		{49EE16E0-F613-4F55-9B57-F804D90F31FF}.Release|Any CPU.ActiveCfg = Release|Any CPU
		{49EE16E0-F613-4F55-9B57-F804D90F31FF}.Release|Any CPU.Build.0 = Release|Any CPU
		{49EE16E0-F613-4F55-9B57-F804D90F31FF}.Release|ARM.ActiveCfg = Release|Any CPU
		{49EE16E0-F613-4F55-9B57-F804D90F31FF}.Release|ARM.Build.0 = Release|Any CPU
		{49EE16E0-F613-4F55-9B57-F804D90F31FF}.Release|ARM64.ActiveCfg = Release|Any CPU
		{49EE16E0-F613-4F55-9B57-F804D90F31FF}.Release|ARM64.Build.0 = Release|Any CPU
		{49EE16E0-F613-4F55-9B57-F804D90F31FF}.Release|x64.ActiveCfg = Release|Any CPU
		{49EE16E0-F613-4F55-9B57-F804D90F31FF}.Release|x64.Build.0 = Release|Any CPU
		{49EE16E0-F613-4F55-9B57-F804D90F31FF}.Release|x86.ActiveCfg = Release|Any CPU
		{49EE16E0-F613-4F55-9B57-F804D90F31FF}.Release|x86.Build.0 = Release|Any CPU
		{10C712EC-142E-4476-8015-892F78FD9927}.Debug|Any CPU.ActiveCfg = Debug|Any CPU
		{10C712EC-142E-4476-8015-892F78FD9927}.Debug|Any CPU.Build.0 = Debug|Any CPU
		{10C712EC-142E-4476-8015-892F78FD9927}.Debug|ARM.ActiveCfg = Debug|Any CPU
		{10C712EC-142E-4476-8015-892F78FD9927}.Debug|ARM.Build.0 = Debug|Any CPU
		{10C712EC-142E-4476-8015-892F78FD9927}.Debug|ARM64.ActiveCfg = Debug|Any CPU
		{10C712EC-142E-4476-8015-892F78FD9927}.Debug|ARM64.Build.0 = Debug|Any CPU
		{10C712EC-142E-4476-8015-892F78FD9927}.Debug|x64.ActiveCfg = Debug|Any CPU
		{10C712EC-142E-4476-8015-892F78FD9927}.Debug|x64.Build.0 = Debug|Any CPU
		{10C712EC-142E-4476-8015-892F78FD9927}.Debug|x86.ActiveCfg = Debug|Any CPU
		{10C712EC-142E-4476-8015-892F78FD9927}.Debug|x86.Build.0 = Debug|Any CPU
		{10C712EC-142E-4476-8015-892F78FD9927}.Release|Any CPU.ActiveCfg = Release|Any CPU
		{10C712EC-142E-4476-8015-892F78FD9927}.Release|Any CPU.Build.0 = Release|Any CPU
		{10C712EC-142E-4476-8015-892F78FD9927}.Release|ARM.ActiveCfg = Release|Any CPU
		{10C712EC-142E-4476-8015-892F78FD9927}.Release|ARM.Build.0 = Release|Any CPU
		{10C712EC-142E-4476-8015-892F78FD9927}.Release|ARM64.ActiveCfg = Release|Any CPU
		{10C712EC-142E-4476-8015-892F78FD9927}.Release|ARM64.Build.0 = Release|Any CPU
		{10C712EC-142E-4476-8015-892F78FD9927}.Release|x64.ActiveCfg = Release|Any CPU
		{10C712EC-142E-4476-8015-892F78FD9927}.Release|x64.Build.0 = Release|Any CPU
		{10C712EC-142E-4476-8015-892F78FD9927}.Release|x86.ActiveCfg = Release|Any CPU
		{10C712EC-142E-4476-8015-892F78FD9927}.Release|x86.Build.0 = Release|Any CPU
		{6CB44C4C-E6EF-40B9-930F-AF5AF1CEA874}.Debug|Any CPU.ActiveCfg = Debug|Any CPU
		{6CB44C4C-E6EF-40B9-930F-AF5AF1CEA874}.Debug|Any CPU.Build.0 = Debug|Any CPU
		{6CB44C4C-E6EF-40B9-930F-AF5AF1CEA874}.Debug|ARM.ActiveCfg = Debug|Any CPU
		{6CB44C4C-E6EF-40B9-930F-AF5AF1CEA874}.Debug|ARM.Build.0 = Debug|Any CPU
		{6CB44C4C-E6EF-40B9-930F-AF5AF1CEA874}.Debug|ARM64.ActiveCfg = Debug|Any CPU
		{6CB44C4C-E6EF-40B9-930F-AF5AF1CEA874}.Debug|ARM64.Build.0 = Debug|Any CPU
		{6CB44C4C-E6EF-40B9-930F-AF5AF1CEA874}.Debug|x64.ActiveCfg = Debug|Any CPU
		{6CB44C4C-E6EF-40B9-930F-AF5AF1CEA874}.Debug|x64.Build.0 = Debug|Any CPU
		{6CB44C4C-E6EF-40B9-930F-AF5AF1CEA874}.Debug|x86.ActiveCfg = Debug|Any CPU
		{6CB44C4C-E6EF-40B9-930F-AF5AF1CEA874}.Debug|x86.Build.0 = Debug|Any CPU
		{6CB44C4C-E6EF-40B9-930F-AF5AF1CEA874}.Release|Any CPU.ActiveCfg = Release|Any CPU
		{6CB44C4C-E6EF-40B9-930F-AF5AF1CEA874}.Release|Any CPU.Build.0 = Release|Any CPU
		{6CB44C4C-E6EF-40B9-930F-AF5AF1CEA874}.Release|ARM.ActiveCfg = Release|Any CPU
		{6CB44C4C-E6EF-40B9-930F-AF5AF1CEA874}.Release|ARM.Build.0 = Release|Any CPU
		{6CB44C4C-E6EF-40B9-930F-AF5AF1CEA874}.Release|ARM64.ActiveCfg = Release|Any CPU
		{6CB44C4C-E6EF-40B9-930F-AF5AF1CEA874}.Release|ARM64.Build.0 = Release|Any CPU
		{6CB44C4C-E6EF-40B9-930F-AF5AF1CEA874}.Release|x64.ActiveCfg = Release|Any CPU
		{6CB44C4C-E6EF-40B9-930F-AF5AF1CEA874}.Release|x64.Build.0 = Release|Any CPU
		{6CB44C4C-E6EF-40B9-930F-AF5AF1CEA874}.Release|x86.ActiveCfg = Release|Any CPU
		{6CB44C4C-E6EF-40B9-930F-AF5AF1CEA874}.Release|x86.Build.0 = Release|Any CPU
	EndGlobalSection
	GlobalSection(SolutionProperties) = preSolution
		HideSolutionNode = FALSE
	EndGlobalSection
	GlobalSection(NestedProjects) = preSolution
		{E9A0B3CB-CE20-4E27-A778-A66B486B894E} = {B00AADD5-5BD9-4B69-8EEF-84314D1ED32E}
		{3B8EF2DB-5789-44BE-B373-450A76C780B9} = {ECA0E095-4C1B-4012-A223-CE3F1E249B8C}
		{A0E1C6DA-AF4B-4BF4-B21B-176BED1924C3} = {ECA0E095-4C1B-4012-A223-CE3F1E249B8C}
		{46D60D36-9B5E-43E6-B433-1F803F46B57D} = {5B893135-30AB-4F21-9459-B6D8BF5455C0}
		{BB7DE607-2429-45DD-AEEE-66B12BC1595A} = {0B476370-7046-48BF-9A19-F7F28DA78919}
		{B561F020-0C8A-4902-9F92-06067578C07A} = {0B476370-7046-48BF-9A19-F7F28DA78919}
		{52A0CC77-A721-472B-A33B-E8AD586039B2} = {0B476370-7046-48BF-9A19-F7F28DA78919}
		{5A82752A-ECC7-452F-9498-681E08714DE5} = {5B893135-30AB-4F21-9459-B6D8BF5455C0}
		{931452C8-B8C9-4A76-BBDC-49E0366E4F72} = {B00AADD5-5BD9-4B69-8EEF-84314D1ED32E}
		{8F898517-BCC9-4F9E-8DD1-026A883E2ACC} = {ECA0E095-4C1B-4012-A223-CE3F1E249B8C}
		{8A46F0DD-AE6E-458F-A8E9-B271F009F7DC} = {5B893135-30AB-4F21-9459-B6D8BF5455C0}
		{5F81A3FB-44FA-4AA8-B087-45B948CADBA2} = {ECA0E095-4C1B-4012-A223-CE3F1E249B8C}
		{FF722473-C7B4-4802-9B08-AFC21A5EACE9} = {B00AADD5-5BD9-4B69-8EEF-84314D1ED32E}
		{D76809FA-670A-453C-8052-D73E9073F2AD} = {5B893135-30AB-4F21-9459-B6D8BF5455C0}
		{0183C061-83B5-4EF2-8D24-C75B1A7E2CB4} = {5B893135-30AB-4F21-9459-B6D8BF5455C0}
		{49EE16E0-F613-4F55-9B57-F804D90F31FF} = {B00AADD5-5BD9-4B69-8EEF-84314D1ED32E}
		{10C712EC-142E-4476-8015-892F78FD9927} = {B00AADD5-5BD9-4B69-8EEF-84314D1ED32E}
		{6CB44C4C-E6EF-40B9-930F-AF5AF1CEA874} = {B00AADD5-5BD9-4B69-8EEF-84314D1ED32E}
	EndGlobalSection
	GlobalSection(ExtensibilityGlobals) = postSolution
		SolutionGuid = {63051821-2655-4ECA-AF42-731756238C8B}
	EndGlobalSection
EndGlobal
