
Microsoft Visual Studio Solution File, Format Version 12.00
# Visual Studio Version 16
VisualStudioVersion = 16.0.30406.217
MinimumVisualStudioVersion = 10.0.40219.1
Project("{FAE04EC0-301F-11D3-BF4B-00C04F79EFBC}") = "GhostCore.UWP", "GhostCore.UWP\GhostCore.UWP.csproj", "{A59C4AEF-75F7-42CD-892A-B02604D1E7EF}"
EndProject
Project("{9A19103F-16F7-4668-BE54-9A1E7A4F7556}") = "GhostCore", "GhostCore\GhostCore.csproj", "{E9A0B3CB-CE20-4E27-A778-A66B486B894E}"
EndProject
Global
	GlobalSection(SolutionConfigurationPlatforms) = preSolution
		Debug|Any CPU = Debug|Any CPU
		Debug|ARM = Debug|ARM
		Debug|ARM64 = Debug|ARM64
		Debug|x64 = Debug|x64
		Debug|x86 = Debug|x86
		Release|Any CPU = Release|Any CPU
		Release|ARM = Release|ARM
		Release|ARM64 = Release|ARM64
		Release|x64 = Release|x64
		Release|x86 = Release|x86
	EndGlobalSection
	GlobalSection(ProjectConfigurationPlatforms) = postSolution
		{A59C4AEF-75F7-42CD-892A-B02604D1E7EF}.Debug|Any CPU.ActiveCfg = Debug|Any CPU
		{A59C4AEF-75F7-42CD-892A-B02604D1E7EF}.Debug|Any CPU.Build.0 = Debug|Any CPU
		{A59C4AEF-75F7-42CD-892A-B02604D1E7EF}.Debug|ARM.ActiveCfg = Debug|ARM
		{A59C4AEF-75F7-42CD-892A-B02604D1E7EF}.Debug|ARM.Build.0 = Debug|ARM
		{A59C4AEF-75F7-42CD-892A-B02604D1E7EF}.Debug|ARM64.ActiveCfg = Debug|ARM64
		{A59C4AEF-75F7-42CD-892A-B02604D1E7EF}.Debug|ARM64.Build.0 = Debug|ARM64
		{A59C4AEF-75F7-42CD-892A-B02604D1E7EF}.Debug|x64.ActiveCfg = Debug|x64
		{A59C4AEF-75F7-42CD-892A-B02604D1E7EF}.Debug|x64.Build.0 = Debug|x64
		{A59C4AEF-75F7-42CD-892A-B02604D1E7EF}.Debug|x86.ActiveCfg = Debug|x86
		{A59C4AEF-75F7-42CD-892A-B02604D1E7EF}.Debug|x86.Build.0 = Debug|x86
		{A59C4AEF-75F7-42CD-892A-B02604D1E7EF}.Release|Any CPU.ActiveCfg = Release|Any CPU
		{A59C4AEF-75F7-42CD-892A-B02604D1E7EF}.Release|Any CPU.Build.0 = Release|Any CPU
		{A59C4AEF-75F7-42CD-892A-B02604D1E7EF}.Release|ARM.ActiveCfg = Release|ARM
		{A59C4AEF-75F7-42CD-892A-B02604D1E7EF}.Release|ARM.Build.0 = Release|ARM
		{A59C4AEF-75F7-42CD-892A-B02604D1E7EF}.Release|ARM64.ActiveCfg = Release|ARM64
		{A59C4AEF-75F7-42CD-892A-B02604D1E7EF}.Release|ARM64.Build.0 = Release|ARM64
		{A59C4AEF-75F7-42CD-892A-B02604D1E7EF}.Release|x64.ActiveCfg = Release|x64
		{A59C4AEF-75F7-42CD-892A-B02604D1E7EF}.Release|x64.Build.0 = Release|x64
		{A59C4AEF-75F7-42CD-892A-B02604D1E7EF}.Release|x86.ActiveCfg = Release|x86
		{A59C4AEF-75F7-42CD-892A-B02604D1E7EF}.Release|x86.Build.0 = Release|x86
		{E9A0B3CB-CE20-4E27-A778-A66B486B894E}.Debug|Any CPU.ActiveCfg = Debug|Any CPU
		{E9A0B3CB-CE20-4E27-A778-A66B486B894E}.Debug|Any CPU.Build.0 = Debug|Any CPU
		{E9A0B3CB-CE20-4E27-A778-A66B486B894E}.Debug|ARM.ActiveCfg = Debug|Any CPU
		{E9A0B3CB-CE20-4E27-A778-A66B486B894E}.Debug|ARM.Build.0 = Debug|Any CPU
		{E9A0B3CB-CE20-4E27-A778-A66B486B894E}.Debug|ARM64.ActiveCfg = Debug|Any CPU
		{E9A0B3CB-CE20-4E27-A778-A66B486B894E}.Debug|ARM64.Build.0 = Debug|Any CPU
		{E9A0B3CB-CE20-4E27-A778-A66B486B894E}.Debug|x64.ActiveCfg = Debug|Any CPU
		{E9A0B3CB-CE20-4E27-A778-A66B486B894E}.Debug|x64.Build.0 = Debug|Any CPU
		{E9A0B3CB-CE20-4E27-A778-A66B486B894E}.Debug|x86.ActiveCfg = Debug|Any CPU
		{E9A0B3CB-CE20-4E27-A778-A66B486B894E}.Debug|x86.Build.0 = Debug|Any CPU
		{E9A0B3CB-CE20-4E27-A778-A66B486B894E}.Release|Any CPU.ActiveCfg = Release|Any CPU
		{E9A0B3CB-CE20-4E27-A778-A66B486B894E}.Release|Any CPU.Build.0 = Release|Any CPU
		{E9A0B3CB-CE20-4E27-A778-A66B486B894E}.Release|ARM.ActiveCfg = Release|Any CPU
		{E9A0B3CB-CE20-4E27-A778-A66B486B894E}.Release|ARM.Build.0 = Release|Any CPU
		{E9A0B3CB-CE20-4E27-A778-A66B486B894E}.Release|ARM64.ActiveCfg = Release|Any CPU
		{E9A0B3CB-CE20-4E27-A778-A66B486B894E}.Release|ARM64.Build.0 = Release|Any CPU
		{E9A0B3CB-CE20-4E27-A778-A66B486B894E}.Release|x64.ActiveCfg = Release|Any CPU
		{E9A0B3CB-CE20-4E27-A778-A66B486B894E}.Release|x64.Build.0 = Release|Any CPU
		{E9A0B3CB-CE20-4E27-A778-A66B486B894E}.Release|x86.ActiveCfg = Release|Any CPU
		{E9A0B3CB-CE20-4E27-A778-A66B486B894E}.Release|x86.Build.0 = Release|Any CPU
	EndGlobalSection
	GlobalSection(SolutionProperties) = preSolution
		HideSolutionNode = FALSE
	EndGlobalSection
	GlobalSection(ExtensibilityGlobals) = postSolution
		SolutionGuid = {63051821-2655-4ECA-AF42-731756238C8B}
	EndGlobalSection
EndGlobal
